
Microsoft Visual Studio Solution File, Format Version 12.00
# Visual Studio Version 16
VisualStudioVersion = 16.0.31911.196
MinimumVisualStudioVersion = 10.0.40219.1
Project("{9A19103F-16F7-4668-BE54-9A1E7A4F7556}") = "Variables", "Variables\Variables.csproj", "{8121F7C6-90C5-4E6F-A06C-FA3D1D2BA53F}"
EndProject
Project("{9A19103F-16F7-4668-BE54-9A1E7A4F7556}") = "String", "String\String.csproj", "{F8CC9B12-C3BE-466C-A2B1-1A0674283408}"
EndProject
Project("{FAE04EC0-301F-11D3-BF4B-00C04F79EFBC}") = "GUI", "GUI\GUI.csproj", "{33D39EA7-28F2-4644-A3CC-5CCD88DBE885}"
EndProject
Project("{FAE04EC0-301F-11D3-BF4B-00C04F79EFBC}") = "Funcions", "Funcions\Funcions.csproj", "{957C3870-FDA3-4F4B-B37A-5455C913CC92}"
EndProject
Global
	GlobalSection(SolutionConfigurationPlatforms) = preSolution
		Debug|Any CPU = Debug|Any CPU
		Debug|ARM = Debug|ARM
		Debug|ARM64 = Debug|ARM64
		Debug|x64 = Debug|x64
		Debug|x86 = Debug|x86
		Release|Any CPU = Release|Any CPU
		Release|ARM = Release|ARM
		Release|ARM64 = Release|ARM64
		Release|x64 = Release|x64
		Release|x86 = Release|x86
	EndGlobalSection
	GlobalSection(ProjectConfigurationPlatforms) = postSolution
		{8121F7C6-90C5-4E6F-A06C-FA3D1D2BA53F}.Debug|Any CPU.ActiveCfg = Debug|Any CPU
		{8121F7C6-90C5-4E6F-A06C-FA3D1D2BA53F}.Debug|Any CPU.Build.0 = Debug|Any CPU
		{8121F7C6-90C5-4E6F-A06C-FA3D1D2BA53F}.Debug|ARM.ActiveCfg = Debug|Any CPU
		{8121F7C6-90C5-4E6F-A06C-FA3D1D2BA53F}.Debug|ARM.Build.0 = Debug|Any CPU
		{8121F7C6-90C5-4E6F-A06C-FA3D1D2BA53F}.Debug|ARM64.ActiveCfg = Debug|Any CPU
		{8121F7C6-90C5-4E6F-A06C-FA3D1D2BA53F}.Debug|ARM64.Build.0 = Debug|Any CPU
		{8121F7C6-90C5-4E6F-A06C-FA3D1D2BA53F}.Debug|x64.ActiveCfg = Debug|Any CPU
		{8121F7C6-90C5-4E6F-A06C-FA3D1D2BA53F}.Debug|x64.Build.0 = Debug|Any CPU
		{8121F7C6-90C5-4E6F-A06C-FA3D1D2BA53F}.Debug|x86.ActiveCfg = Debug|Any CPU
		{8121F7C6-90C5-4E6F-A06C-FA3D1D2BA53F}.Debug|x86.Build.0 = Debug|Any CPU
		{8121F7C6-90C5-4E6F-A06C-FA3D1D2BA53F}.Release|Any CPU.ActiveCfg = Release|Any CPU
		{8121F7C6-90C5-4E6F-A06C-FA3D1D2BA53F}.Release|Any CPU.Build.0 = Release|Any CPU
		{8121F7C6-90C5-4E6F-A06C-FA3D1D2BA53F}.Release|ARM.ActiveCfg = Release|Any CPU
		{8121F7C6-90C5-4E6F-A06C-FA3D1D2BA53F}.Release|ARM.Build.0 = Release|Any CPU
		{8121F7C6-90C5-4E6F-A06C-FA3D1D2BA53F}.Release|ARM64.ActiveCfg = Release|Any CPU
		{8121F7C6-90C5-4E6F-A06C-FA3D1D2BA53F}.Release|ARM64.Build.0 = Release|Any CPU
		{8121F7C6-90C5-4E6F-A06C-FA3D1D2BA53F}.Release|x64.ActiveCfg = Release|Any CPU
		{8121F7C6-90C5-4E6F-A06C-FA3D1D2BA53F}.Release|x64.Build.0 = Release|Any CPU
		{8121F7C6-90C5-4E6F-A06C-FA3D1D2BA53F}.Release|x86.ActiveCfg = Release|Any CPU
		{8121F7C6-90C5-4E6F-A06C-FA3D1D2BA53F}.Release|x86.Build.0 = Release|Any CPU
		{F8CC9B12-C3BE-466C-A2B1-1A0674283408}.Debug|Any CPU.ActiveCfg = Debug|Any CPU
		{F8CC9B12-C3BE-466C-A2B1-1A0674283408}.Debug|Any CPU.Build.0 = Debug|Any CPU
		{F8CC9B12-C3BE-466C-A2B1-1A0674283408}.Debug|ARM.ActiveCfg = Debug|Any CPU
		{F8CC9B12-C3BE-466C-A2B1-1A0674283408}.Debug|ARM.Build.0 = Debug|Any CPU
		{F8CC9B12-C3BE-466C-A2B1-1A0674283408}.Debug|ARM64.ActiveCfg = Debug|Any CPU
		{F8CC9B12-C3BE-466C-A2B1-1A0674283408}.Debug|ARM64.Build.0 = Debug|Any CPU
		{F8CC9B12-C3BE-466C-A2B1-1A0674283408}.Debug|x64.ActiveCfg = Debug|Any CPU
		{F8CC9B12-C3BE-466C-A2B1-1A0674283408}.Debug|x64.Build.0 = Debug|Any CPU
		{F8CC9B12-C3BE-466C-A2B1-1A0674283408}.Debug|x86.ActiveCfg = Debug|Any CPU
		{F8CC9B12-C3BE-466C-A2B1-1A0674283408}.Debug|x86.Build.0 = Debug|Any CPU
		{F8CC9B12-C3BE-466C-A2B1-1A0674283408}.Release|Any CPU.ActiveCfg = Release|Any CPU
		{F8CC9B12-C3BE-466C-A2B1-1A0674283408}.Release|Any CPU.Build.0 = Release|Any CPU
		{F8CC9B12-C3BE-466C-A2B1-1A0674283408}.Release|ARM.ActiveCfg = Release|Any CPU
		{F8CC9B12-C3BE-466C-A2B1-1A0674283408}.Release|ARM.Build.0 = Release|Any CPU
		{F8CC9B12-C3BE-466C-A2B1-1A0674283408}.Release|ARM64.ActiveCfg = Release|Any CPU
		{F8CC9B12-C3BE-466C-A2B1-1A0674283408}.Release|ARM64.Build.0 = Release|Any CPU
		{F8CC9B12-C3BE-466C-A2B1-1A0674283408}.Release|x64.ActiveCfg = Release|Any CPU
		{F8CC9B12-C3BE-466C-A2B1-1A0674283408}.Release|x64.Build.0 = Release|Any CPU
		{F8CC9B12-C3BE-466C-A2B1-1A0674283408}.Release|x86.ActiveCfg = Release|Any CPU
		{F8CC9B12-C3BE-466C-A2B1-1A0674283408}.Release|x86.Build.0 = Release|Any CPU
		{33D39EA7-28F2-4644-A3CC-5CCD88DBE885}.Debug|Any CPU.ActiveCfg = Debug|x86
		{33D39EA7-28F2-4644-A3CC-5CCD88DBE885}.Debug|ARM.ActiveCfg = Debug|ARM
		{33D39EA7-28F2-4644-A3CC-5CCD88DBE885}.Debug|ARM.Build.0 = Debug|ARM
		{33D39EA7-28F2-4644-A3CC-5CCD88DBE885}.Debug|ARM.Deploy.0 = Debug|ARM
		{33D39EA7-28F2-4644-A3CC-5CCD88DBE885}.Debug|ARM64.ActiveCfg = Debug|ARM64
		{33D39EA7-28F2-4644-A3CC-5CCD88DBE885}.Debug|ARM64.Build.0 = Debug|ARM64
		{33D39EA7-28F2-4644-A3CC-5CCD88DBE885}.Debug|ARM64.Deploy.0 = Debug|ARM64
		{33D39EA7-28F2-4644-A3CC-5CCD88DBE885}.Debug|x64.ActiveCfg = Debug|x64
		{33D39EA7-28F2-4644-A3CC-5CCD88DBE885}.Debug|x64.Build.0 = Debug|x64
		{33D39EA7-28F2-4644-A3CC-5CCD88DBE885}.Debug|x64.Deploy.0 = Debug|x64
		{33D39EA7-28F2-4644-A3CC-5CCD88DBE885}.Debug|x86.ActiveCfg = Debug|x86
		{33D39EA7-28F2-4644-A3CC-5CCD88DBE885}.Debug|x86.Build.0 = Debug|x86
		{33D39EA7-28F2-4644-A3CC-5CCD88DBE885}.Debug|x86.Deploy.0 = Debug|x86
		{33D39EA7-28F2-4644-A3CC-5CCD88DBE885}.Release|Any CPU.ActiveCfg = Release|x86
		{33D39EA7-28F2-4644-A3CC-5CCD88DBE885}.Release|ARM.ActiveCfg = Release|ARM
		{33D39EA7-28F2-4644-A3CC-5CCD88DBE885}.Release|ARM.Build.0 = Release|ARM
		{33D39EA7-28F2-4644-A3CC-5CCD88DBE885}.Release|ARM.Deploy.0 = Release|ARM
		{33D39EA7-28F2-4644-A3CC-5CCD88DBE885}.Release|ARM64.ActiveCfg = Release|ARM64
		{33D39EA7-28F2-4644-A3CC-5CCD88DBE885}.Release|ARM64.Build.0 = Release|ARM64
		{33D39EA7-28F2-4644-A3CC-5CCD88DBE885}.Release|ARM64.Deploy.0 = Release|ARM64
		{33D39EA7-28F2-4644-A3CC-5CCD88DBE885}.Release|x64.ActiveCfg = Release|x64
		{33D39EA7-28F2-4644-A3CC-5CCD88DBE885}.Release|x64.Build.0 = Release|x64
		{33D39EA7-28F2-4644-A3CC-5CCD88DBE885}.Release|x64.Deploy.0 = Release|x64
		{33D39EA7-28F2-4644-A3CC-5CCD88DBE885}.Release|x86.ActiveCfg = Release|x86
		{33D39EA7-28F2-4644-A3CC-5CCD88DBE885}.Release|x86.Build.0 = Release|x86
		{33D39EA7-28F2-4644-A3CC-5CCD88DBE885}.Release|x86.Deploy.0 = Release|x86
		{957C3870-FDA3-4F4B-B37A-5455C913CC92}.Debug|Any CPU.ActiveCfg = Debug|Any CPU
		{957C3870-FDA3-4F4B-B37A-5455C913CC92}.Debug|Any CPU.Build.0 = Debug|Any CPU
		{957C3870-FDA3-4F4B-B37A-5455C913CC92}.Debug|ARM.ActiveCfg = Debug|Any CPU
		{957C3870-FDA3-4F4B-B37A-5455C913CC92}.Debug|ARM.Build.0 = Debug|Any CPU
		{957C3870-FDA3-4F4B-B37A-5455C913CC92}.Debug|ARM64.ActiveCfg = Debug|Any CPU
		{957C3870-FDA3-4F4B-B37A-5455C913CC92}.Debug|ARM64.Build.0 = Debug|Any CPU
		{957C3870-FDA3-4F4B-B37A-5455C913CC92}.Debug|x64.ActiveCfg = Debug|Any CPU
		{957C3870-FDA3-4F4B-B37A-5455C913CC92}.Debug|x64.Build.0 = Debug|Any CPU
		{957C3870-FDA3-4F4B-B37A-5455C913CC92}.Debug|x86.ActiveCfg = Debug|Any CPU
		{957C3870-FDA3-4F4B-B37A-5455C913CC92}.Debug|x86.Build.0 = Debug|Any CPU
		{957C3870-FDA3-4F4B-B37A-5455C913CC92}.Release|Any CPU.ActiveCfg = Release|Any CPU
		{957C3870-FDA3-4F4B-B37A-5455C913CC92}.Release|Any CPU.Build.0 = Release|Any CPU
		{957C3870-FDA3-4F4B-B37A-5455C913CC92}.Release|ARM.ActiveCfg = Release|Any CPU
		{957C3870-FDA3-4F4B-B37A-5455C913CC92}.Release|ARM.Build.0 = Release|Any CPU
		{957C3870-FDA3-4F4B-B37A-5455C913CC92}.Release|ARM64.ActiveCfg = Release|Any CPU
		{957C3870-FDA3-4F4B-B37A-5455C913CC92}.Release|ARM64.Build.0 = Release|Any CPU
		{957C3870-FDA3-4F4B-B37A-5455C913CC92}.Release|x64.ActiveCfg = Release|Any CPU
		{957C3870-FDA3-4F4B-B37A-5455C913CC92}.Release|x64.Build.0 = Release|Any CPU
		{957C3870-FDA3-4F4B-B37A-5455C913CC92}.Release|x86.ActiveCfg = Release|Any CPU
		{957C3870-FDA3-4F4B-B37A-5455C913CC92}.Release|x86.Build.0 = Release|Any CPU
	EndGlobalSection
	GlobalSection(SolutionProperties) = preSolution
		HideSolutionNode = FALSE
	EndGlobalSection
	GlobalSection(ExtensibilityGlobals) = postSolution
		SolutionGuid = {75FD4DBE-7475-4753-8C5F-2AC61340F45D}
	EndGlobalSection
EndGlobal
